/cluster/projects/scottgroup/people/lucas/deeptools-pipeline/results/subsampled_k27_fwd_RPKM_1M/plots/subsampled_k27_fwd_RPKM_1M.3UCSC_CpG_islands_plus_shores.bed.refpoint_a10000b5000_TSS.matrix_plot.pdf
/cluster/projects/scottgroup/people/lucas/deeptools-pipeline/results/subsampled_k27_fwd_RPKM_1M/plots/subsampled_k27_fwd_RPKM_1M.OLD1HG38_TSS+TES_ProteinCodingGenes.bed.refpoint_a10000b5000_TSS.matrix_plot.pdf
/cluster/projects/scottgroup/people/lucas/deeptools-pipeline/results/subsampled_k27_fwd_RPKM_1M/plots/subsampled_k27_fwd_RPKM_1M.1HG38_TSS+TES_ProteinCodingGenes.bed.refpoint_a10000b5000_TSS.matrix_plot.pdf
/cluster/projects/scottgroup/people/lucas/deeptools-pipeline/results/subsampled_k27_fwd_RPKM_1M/plots/subsampled_k27_fwd_RPKM_1M.3UCSC_CpG_islands_plus_shores.bed.refpoint_a10000b5000_TSS.matrix_plot.pdf
/cluster/projects/scottgroup/people/lucas/deeptools-pipeline/results/subsampled_k27_fwd_RPKM_1M/plots/subsampled_k27_fwd_RPKM_1M.OLD1HG38_TSS+TES_ProteinCodingGenes.bed.refpoint_a10000b5000_TSS.matrix_plot.pdf
/cluster/projects/scottgroup/people/lucas/deeptools-pipeline/results/subsampled_k27_fwd_RPKM_1M/plots/subsampled_k27_fwd_RPKM_1M.1HG38_TSS+TES_ProteinCodingGenes.bed.refpoint_a10000b5000_TSS.matrix_plot.pdf
/cluster/projects/scottgroup/people/lucas/deeptools-pipeline/results/subsampled_k27_fwd_RPKM_1M/plots/subsampled_k27_fwd_RPKM_1M.3UCSC_CpG_islands_plus_shores.bed.refpoint_a10000b5000_TSS.matrix_plot.pdf
/cluster/projects/scottgroup/people/lucas/deeptools-pipeline/results/subsampled_k27_fwd_RPKM_1M/plots/subsampled_k27_fwd_RPKM_1M.OLD1HG38_TSS+TES_ProteinCodingGenes.bed.refpoint_a10000b5000_TSS.matrix_plot.pdf
/cluster/projects/scottgroup/people/lucas/deeptools-pipeline/results/subsampled_k27_fwd_RPKM_1M/plots/subsampled_k27_fwd_RPKM_1M.1HG38_TSS+TES_ProteinCodingGenes.bed.refpoint_a10000b5000_TSS.matrix_plot.pdf
/cluster/projects/scottgroup/people/lucas/deeptools-pipeline/results/subsampled_k27_fwd_RPKM_1M/plots/subsampled_k27_fwd_RPKM_1M.3UCSC_CpG_islands_plus_shores.bed.refpoint_a10000b5000_TSS.matrix_plot.pdf
/cluster/projects/scottgroup/people/lucas/deeptools-pipeline/results/subsampled_k27_fwd_RPKM_1M/plots/subsampled_k27_fwd_RPKM_1M.OLD1HG38_TSS+TES_ProteinCodingGenes.bed.refpoint_a10000b5000_TSS.matrix_plot.pdf
/cluster/projects/scottgroup/people/lucas/deeptools-pipeline/results/subsampled_k27_fwd_RPKM_1M/plots/subsampled_k27_fwd_RPKM_1M.1HG38_TSS+TES_ProteinCodingGenes.bed.refpoint_a10000b5000_TSS.matrix_plot.pdf
/cluster/projects/scottgroup/people/lucas/deeptools-pipeline/results/subsampled_k27_fwd_RPKM_1M/matrices/subsampled_k27_fwd_RPKM_1M.1HG38_TSS+TES_ProteinCodingGenes.bed.refpoint_a10000b5000_TSS.matrix.gz
/cluster/projects/scottgroup/people/lucas/deeptools-pipeline/results/subsampled_k27_fwd_RPKM_1M/matrices/subsampled_k27_fwd_RPKM_1M.3UCSC_CpG_islands_plus_shores.bed.refpoint_a10000b5000_TSS.matrix.gz
/cluster/projects/scottgroup/people/lucas/deeptools-pipeline/results/subsampled_k27_fwd_RPKM_1M/matrices/subsampled_k27_fwd_RPKM_1M.OLD1HG38_TSS+TES_ProteinCodingGenes.bed.refpoint_a10000b5000_TSS.matrix.gz
/cluster/projects/scottgroup/people/lucas/deeptools-pipeline/results/subsampled_k27_fwd_RPKM_1M/bw/plasmak27downsample_1M.bw
/cluster/projects/scottgroup/people/lucas/deeptools-pipeline/results/subsampled_k27_fwd_RPKM_1M/bw/mediak27.1downsample_1M.bw
/cluster/projects/scottgroup/people/lucas/deeptools-pipeline/results/subsampled_k27_fwd_RPKM_1M/bw/mediak27.2downsample_1M.bw
/cluster/projects/scottgroup/people/lucas/deeptools-pipeline/results/subsampled_k27_fwd_RPKM_1M/bw/ENCODEk27downsample_1M.bw
/cluster/projects/scottgroup/people/lucas/deeptools-pipeline/results/subsampled_k27_fwd_RPKM_1M/bw/plasmak27downsample_1M.bw
/cluster/projects/scottgroup/people/lucas/deeptools-pipeline/results/subsampled_k27_fwd_RPKM_1M/bw/mediak27.1downsample_1M.bw
/cluster/projects/scottgroup/people/lucas/deeptools-pipeline/results/subsampled_k27_fwd_RPKM_1M/bw/mediak27.2downsample_1M.bw
/cluster/projects/scottgroup/people/lucas/deeptools-pipeline/results/subsampled_k27_fwd_RPKM_1M/bw/ENCODEk27downsample_1M.bw
/cluster/projects/scottgroup/people/lucas/deeptools-pipeline/results/subsampled_k27_fwd_RPKM_1M/bw/plasmak27downsample_1M.bw
/cluster/projects/scottgroup/people/lucas/deeptools-pipeline/results/subsampled_k27_fwd_RPKM_1M/bw/mediak27.1downsample_1M.bw
/cluster/projects/scottgroup/people/lucas/deeptools-pipeline/results/subsampled_k27_fwd_RPKM_1M/bw/mediak27.2downsample_1M.bw
/cluster/projects/scottgroup/people/lucas/deeptools-pipeline/results/subsampled_k27_fwd_RPKM_1M/bw/ENCODEk27downsample_1M.bw
/cluster/projects/scottgroup/people/lucas/cfChIP-seq_Steven/1.unmerged_bam/bam_downsampled/k27me3_SUDHL6_S16_dedup_mapq_1Mreads.bam
/cluster/projects/scottgroup/people/lucas/cfChIP-seq_Steven/1.unmerged_bam/bam_downsampled/k27me3_SUDHL6_S13_dedup_mapq_1Mreads.bam
/cluster/projects/scottgroup/people/lucas/cfChIP-seq_Steven/1.unmerged_bam/bam_downsampled/plasma_HHP3_k27me3_S3_dedup_downsamples_1Mreads.bam
/cluster/projects/scottgroup/people/lucas/cfChIP-seq_Steven/1.unmerged_bam/bam_downsampled/H3K27me3_SUDHL6_ENCODE_ENCFF527XMY_downsampled_1Mreads.bam
